{
  "requires": true,
  "lockfileVersion": 1,
  "dependencies": {
    "@react-navigation/core": {
      "version": "3.5.0",
      "resolved": "https://registry.npmjs.org/@react-navigation/core/-/core-3.5.0.tgz",
      "integrity": "sha512-NLm24lA51R8o8c+iFnwtN9elqRzm4OJ8f1qPBCUNIYW1sb8M5yCD53vRP0fRcPFpr/6Xzs2TJMsWnnebwFp0Rw==",
      "requires": {
        "hoist-non-react-statics": "^3.3.0",
        "path-to-regexp": "^1.7.0",
        "query-string": "^6.4.2",
        "react-is": "^16.8.6"
      }
    },
    "@react-navigation/native": {
      "version": "3.6.0",
      "resolved": "https://registry.npmjs.org/@react-navigation/native/-/native-3.6.0.tgz",
      "integrity": "sha512-MmsEF4Gf3DD7rtZlbOLULQOBCxE2nGz6FdPYxtlEI+N/E2I5OrdxrTNAA7EGWsIiaJEapU4bp0a+tLjh/9PQpA==",
      "requires": {
        "hoist-non-react-statics": "^3.0.1",
        "react-native-safe-area-view": "^0.14.1",
        "react-native-screens": "^1.0.0 || ^1.0.0-alpha"
      }
    },
    "debounce": {
      "version": "1.2.0",
      "resolved": "https://registry.npmjs.org/debounce/-/debounce-1.2.0.tgz",
      "integrity": "sha512-mYtLl1xfZLi1m4RtQYlZgJUNQjl4ZxVnHzIR8nLLgi4q1YT8o/WM+MK/f8yfcc9s5Ir5zRaPZyZU6xs1Syoocg=="
    },
    "decode-uri-component": {
      "version": "0.2.0",
      "resolved": "https://registry.npmjs.org/decode-uri-component/-/decode-uri-component-0.2.0.tgz",
      "integrity": "sha1-6zkTMzRYd1y4TNGh+uBiEGu4dUU="
    },
    "hammerjs": {
      "version": "2.0.8",
      "resolved": "https://registry.npmjs.org/hammerjs/-/hammerjs-2.0.8.tgz",
      "integrity": "sha1-BO93hiz/K7edMPdpIJWTAiK/YPE="
    },
    "hoist-non-react-statics": {
      "version": "3.3.0",
      "resolved": "https://registry.npmjs.org/hoist-non-react-statics/-/hoist-non-react-statics-3.3.0.tgz",
      "integrity": "sha512-0XsbTXxgiaCDYDIWFcwkmerZPSwywfUqYmwT4jzewKTQSWoE6FCMoUVOeBJWK3E/CrWbxRG3m5GzY4lnIwGRBA==",
      "requires": {
        "react-is": "^16.7.0"
      }
    },
    "invariant": {
      "version": "2.2.4",
      "resolved": "https://registry.npmjs.org/invariant/-/invariant-2.2.4.tgz",
      "integrity": "sha512-phJfQVBuaJM5raOpJjSfkiD6BpbCE4Ns//LaXl6wGYtUBY83nWS6Rf9tXm2e8VaK60JEjYldbPif/A2B1C2gNA==",
      "requires": {
        "loose-envify": "^1.0.0"
      }
    },
    "isarray": {
      "version": "0.0.1",
      "resolved": "https://registry.npmjs.org/isarray/-/isarray-0.0.1.tgz",
      "integrity": "sha1-ihis/Kmo9Bd+Cav8YDiTmwXR7t8="
    },
    "js-tokens": {
      "version": "4.0.0",
      "resolved": "https://registry.npmjs.org/js-tokens/-/js-tokens-4.0.0.tgz",
      "integrity": "sha512-RdJUflcE3cUzKiMqQgsCu06FPu9UdIJO0beYbPhHN4k6apgJtifcoCtT9bcxOpYBtpD2kCM6Sbzg4CausW/PKQ=="
    },
    "loose-envify": {
      "version": "1.4.0",
      "resolved": "https://registry.npmjs.org/loose-envify/-/loose-envify-1.4.0.tgz",
      "integrity": "sha512-lyuxPGr/Wfhrlem2CL/UcnUc1zcqKAImBDzukY7Y5F/yQiNdko6+fRLevlw1HgMySw7f611UIY408EtxRSoK3Q==",
      "requires": {
        "js-tokens": "^3.0.0 || ^4.0.0"
      }
    },
    "object-assign": {
      "version": "4.1.1",
      "resolved": "https://registry.npmjs.org/object-assign/-/object-assign-4.1.1.tgz",
      "integrity": "sha1-IQmtx5ZYh8/AXLvUQsrIv7s2CGM="
    },
    "path-to-regexp": {
      "version": "1.7.0",
      "resolved": "https://registry.npmjs.org/path-to-regexp/-/path-to-regexp-1.7.0.tgz",
      "integrity": "sha1-Wf3g9DW62suhA6hOnTvGTpa5k30=",
      "requires": {
        "isarray": "0.0.1"
      }
    },
    "prop-types": {
      "version": "15.7.2",
      "resolved": "https://registry.npmjs.org/prop-types/-/prop-types-15.7.2.tgz",
      "integrity": "sha512-8QQikdH7//R2vurIJSutZ1smHYTcLpRWEOlHnzcWHmBYrOGUysKwSsrC89BCiFj3CbrfJ/nXFdJepOVrY1GCHQ==",
      "requires": {
        "loose-envify": "^1.4.0",
        "object-assign": "^4.1.1",
        "react-is": "^16.8.1"
      }
    },
    "query-string": {
      "version": "6.8.2",
      "resolved": "https://registry.npmjs.org/query-string/-/query-string-6.8.2.tgz",
      "integrity": "sha512-J3Qi8XZJXh93t2FiKyd/7Ec6GNifsjKXUsVFkSBj/kjLsDylWhnCz4NT1bkPcKotttPW+QbKGqqPH8OoI2pdqw==",
      "requires": {
        "decode-uri-component": "^0.2.0",
        "split-on-first": "^1.0.0",
        "strict-uri-encode": "^2.0.0"
      }
    },
    "react-is": {
      "version": "16.9.0",
      "resolved": "https://registry.npmjs.org/react-is/-/react-is-16.9.0.tgz",
      "integrity": "sha512-tJBzzzIgnnRfEm046qRcURvwQnZVXmuCbscxUO5RWrGTXpon2d4c8mI0D8WE6ydVIm29JiLB6+RslkIvym9Rjw=="
    },
    "react-native-gesture-handler": {
      "version": "1.4.1",
      "resolved": "https://registry.npmjs.org/react-native-gesture-handler/-/react-native-gesture-handler-1.4.1.tgz",
      "integrity": "sha512-Ffcs+SbEbkGaal0CClYL+v7A9y4OA5G5lW01qrzjxaqASp5C8BfnWSKuqYKE00s6bLwE5L4xnlHkG0yIxAtbrQ==",
      "requires": {
        "hammerjs": "^2.0.8",
        "hoist-non-react-statics": "^2.3.1",
        "invariant": "^2.2.4",
        "prop-types": "^15.7.2"
      },
      "dependencies": {
        "hoist-non-react-statics": {
          "version": "2.5.5",
          "resolved": "https://registry.npmjs.org/hoist-non-react-statics/-/hoist-non-react-statics-2.5.5.tgz",
          "integrity": "sha512-rqcy4pJo55FTTLWt+bU8ukscqHeE/e9KWvsOW2b/a3afxQZhwkQdT1rPPCJ0rYXdj4vNcasY8zHTH+jF/qStxw=="
        }
      }
    },
    "react-native-safe-area-view": {
      "version": "0.14.7",
      "resolved": "https://registry.npmjs.org/react-native-safe-area-view/-/react-native-safe-area-view-0.14.7.tgz",
      "integrity": "sha512-fmuBYpvKDJK33bimo4JXrK2BN2CGw7nof1y1LDRgzqv+FZ3eADSDGshprN8WeQqSZjQ20hJx1CiWk28Edg/v4Q==",
      "requires": {
        "hoist-non-react-statics": "^2.3.1"
      },
      "dependencies": {
        "hoist-non-react-statics": {
          "version": "2.5.5",
          "resolved": "https://registry.npmjs.org/hoist-non-react-statics/-/hoist-non-react-statics-2.5.5.tgz",
          "integrity": "sha512-rqcy4pJo55FTTLWt+bU8ukscqHeE/e9KWvsOW2b/a3afxQZhwkQdT1rPPCJ0rYXdj4vNcasY8zHTH+jF/qStxw=="
        }
      }
    },
    "react-native-screens": {
      "version": "1.0.0-alpha.23",
      "resolved": "https://registry.npmjs.org/react-native-screens/-/react-native-screens-1.0.0-alpha.23.tgz",
      "integrity": "sha512-tOxHGQUN83MTmQB4ghoQkibqOdGiX4JQEmeyEv96MKWO/x8T2PJv84ECUos9hD3blPRQwVwSpAid1PPPhrVEaw==",
      "requires": {
        "debounce": "^1.2.0"
      }
    },
    "react-native-tab-view": {
      "version": "1.4.1",
      "resolved": "https://registry.npmjs.org/react-native-tab-view/-/react-native-tab-view-1.4.1.tgz",
      "integrity": "sha512-Bke8KkDcDhvB/z0AS7MnQKMD2p6Kwfc1rSKlMOvg9CC5CnClQ2QEnhPSbwegKDYhUkBI92iH/BYy7hNSm5kbUQ==",
      "requires": {
        "prop-types": "^15.6.1"
      }
    },
    "react-navigation": {
      "version": "3.12.0",
      "resolved": "https://registry.npmjs.org/react-navigation/-/react-navigation-3.12.0.tgz",
      "integrity": "sha512-Lr0l0lbZsFsajUx040I1HYm0yIfa+F9SCEeaNkS1eiey6k2G04eY5hYGZfo4i3kaMj99Yi8tuRcSN7DS0QZu8w==",
      "requires": {
        "@react-navigation/core": "~3.5.0",
        "@react-navigation/native": "~3.6.0",
        "react-navigation-drawer": "~1.4.0",
        "react-navigation-stack": "~1.5.0",
        "react-navigation-tabs": "~1.2.0"
      }
    },
    "react-navigation-drawer": {
      "version": "1.4.0",
      "resolved": "https://registry.npmjs.org/react-navigation-drawer/-/react-navigation-drawer-1.4.0.tgz",
      "integrity": "sha512-ZyWBozcjB2aZ7vwCALv90cYA2NpDjM+WALaiYRshvPvue8l7cqynePbHK8GhlMGyJDwZqp4MxQmu8u1XAKp3Bw==",
      "requires": {
        "react-native-tab-view": "^1.2.0"
      }
    },
    "react-navigation-stack": {
      "version": "1.5.0",
      "resolved": "https://registry.npmjs.org/react-navigation-stack/-/react-navigation-stack-1.5.0.tgz",
      "integrity": "sha512-XwgdQY8c7PguPw/cx6GCRMnYMe6P/izzOpeOfE8g6sWrWW2vs/vwodRb9a820QePhX0I7dkgxdnTSq+o7/R49Q==",
      "requires": {
        "prop-types": "^15.7.2"
      }
    },
    "react-navigation-tabs": {
      "version": "1.2.0",
      "resolved": "https://registry.npmjs.org/react-navigation-tabs/-/react-navigation-tabs-1.2.0.tgz",
      "integrity": "sha512-I6vq3XX4ub9KhWQzcrggznls+2Z2C6w2ro46vokDGGvJ02CBpQRar7J0ETV29Ot5AJY67HucNUmZdH3yDFckmQ==",
      "requires": {
        "hoist-non-react-statics": "^2.5.0",
        "prop-types": "^15.6.1",
        "react-native-tab-view": "^1.4.1"
      },
      "dependencies": {
        "hoist-non-react-statics": {
          "version": "2.5.5",
          "resolved": "https://registry.npmjs.org/hoist-non-react-statics/-/hoist-non-react-statics-2.5.5.tgz",
          "integrity": "sha512-rqcy4pJo55FTTLWt+bU8ukscqHeE/e9KWvsOW2b/a3afxQZhwkQdT1rPPCJ0rYXdj4vNcasY8zHTH+jF/qStxw=="
        }
      }
    },
    "split-on-first": {
      "version": "1.1.0",
      "resolved": "https://registry.npmjs.org/split-on-first/-/split-on-first-1.1.0.tgz",
      "integrity": "sha512-43ZssAJaMusuKWL8sKUBQXHWOpq8d6CfN/u1p4gUzfJkM05C8rxTmYrkIPTXapZpORA6LkkzcUulJ8FqA7Uudw=="
    },
    "strict-uri-encode": {
      "version": "2.0.0",
      "resolved": "https://registry.npmjs.org/strict-uri-encode/-/strict-uri-encode-2.0.0.tgz",
      "integrity": "sha1-ucczDHBChi9rFC3CdLvMWGbONUY="
    }
  }
}
